
Microsoft Visual Studio Solution File, Format Version 12.00
# Visual Studio 15
VisualStudioVersion = 15.0.26228.9
MinimumVisualStudioVersion = 10.0.40219.1
Project("{FAE04EC0-301F-11D3-BF4B-00C04F79EFBC}") = "Azure.CognitiveServices.FaceRecognition", "Azure.CognitiveServices.FaceRecognition\Azure.CognitiveServices.FaceRecognition.csproj", "{DFF52E96-38D2-466D-AFC4-593355E4B1DD}"
EndProject
Global
	GlobalSection(SolutionConfigurationPlatforms) = preSolution
		Debug|Any CPU = Debug|Any CPU
		Release|Any CPU = Release|Any CPU
	EndGlobalSection
	GlobalSection(ProjectConfigurationPlatforms) = postSolution
		{DFF52E96-38D2-466D-AFC4-593355E4B1DD}.Debug|Any CPU.ActiveCfg = Debug|Any CPU
		{DFF52E96-38D2-466D-AFC4-593355E4B1DD}.Debug|Any CPU.Build.0 = Debug|Any CPU
		{DFF52E96-38D2-466D-AFC4-593355E4B1DD}.Release|Any CPU.ActiveCfg = Release|Any CPU
		{DFF52E96-38D2-466D-AFC4-593355E4B1DD}.Release|Any CPU.Build.0 = Release|Any CPU
	EndGlobalSection
	GlobalSection(SolutionProperties) = preSolution
		HideSolutionNode = FALSE
	EndGlobalSection
EndGlobal
